
Microsoft Visual Studio Solution File, Format Version 12.00
# Visual Studio Version 16
VisualStudioVersion = 16.0.30907.101
MinimumVisualStudioVersion = 10.0.40219.1
Project("{FAE04EC0-301F-11D3-BF4B-00C04F79EFBC}") = "client", "client\client.csproj", "{DBA54DFF-DE6D-413A-A235-9B7CA47A5C7C}"
EndProject
Global
	GlobalSection(SolutionConfigurationPlatforms) = preSolution
		Debug|Any CPU = Debug|Any CPU
		Release|Any CPU = Release|Any CPU
	EndGlobalSection
	GlobalSection(ProjectConfigurationPlatforms) = postSolution
		{DBA54DFF-DE6D-413A-A235-9B7CA47A5C7C}.Debug|Any CPU.ActiveCfg = Debug|Any CPU
		{DBA54DFF-DE6D-413A-A235-9B7CA47A5C7C}.Debug|Any CPU.Build.0 = Debug|Any CPU
		{DBA54DFF-DE6D-413A-A235-9B7CA47A5C7C}.Release|Any CPU.ActiveCfg = Release|Any CPU
		{DBA54DFF-DE6D-413A-A235-9B7CA47A5C7C}.Release|Any CPU.Build.0 = Release|Any CPU
	EndGlobalSection
	GlobalSection(SolutionProperties) = preSolution
		HideSolutionNode = FALSE
	EndGlobalSection
	GlobalSection(ExtensibilityGlobals) = postSolution
		SolutionGuid = {D3421E61-4F08-4518-9F29-EB6929AF1C1E}
	EndGlobalSection
EndGlobal
